PODS:
  - DukeconSdk (0.0.2)

DEPENDENCIES:
  - DukeconSdk (from `../../shared/dukecon-umbrella`)

EXTERNAL SOURCES:
  DukeconSdk:
    :path: "../../shared/dukecon-umbrella"

SPEC CHECKSUMS:
  DukeconSdk: dd197f57580b6dd52ec7480faf54befa7d791f23

PODFILE CHECKSUM: a2609b75f9431f97eed9c480eb82d2461be0e371

COCOAPODS: 1.9.3
