PODS:
  - MultiPlatformLibrary (0.1.0)

DEPENDENCIES:
  - MultiPlatformLibrary (from `../../common/dukecon`)

EXTERNAL SOURCES:
  MultiPlatformLibrary:
    :path: "../../common/dukecon"

SPEC CHECKSUMS:
  MultiPlatformLibrary: 293fb60ba7a9c5779d10fd350d1381675e65f42d

PODFILE CHECKSUM: 4f955f4dc2c75672dedf1855b12cfa78c6a8f40d

COCOAPODS: 1.8.4
