PODS:
  - dukecon_umbrella (0.0.2)

DEPENDENCIES:
  - dukecon_umbrella (from `../../shared/dukecon_umbrella`)

EXTERNAL SOURCES:
  dukecon_umbrella:
    :path: "../../shared/dukecon_umbrella"

SPEC CHECKSUMS:
  dukecon_umbrella: e0bad6c701977207e419a6be362f5ac859847f30

PODFILE CHECKSUM: f9ff3c41ecf8f2dec6c7a505bfff0be9c608de23

COCOAPODS: 1.9.3
