// !$*UTF8*$!
{
	archiveVersion = 1;
	classes = {
	};
	objectVersion = 50;
	objects = {

/* Begin PBXBuildFile section */
		3683AA1C95D40DB1086B38E5 /* Pods_iosApp.framework in Frameworks */ = {isa = PBXBuildFile; fileRef = 00AFE71391091A8649C8A56C /* Pods_iosApp.framework */; };
		CB1DA1BE24067D05006532BB /* TalkSpeakerView.swift in Sources */ = {isa = PBXBuildFile; fileRef = CB1DA1BD24067D05006532BB /* TalkSpeakerView.swift */; };
		CB1FDB712401A5AC00705876 /* Event+Extensions.swift in Sources */ = {isa = PBXBuildFile; fileRef = CB1FDB702401A5AC00705876 /* Event+Extensions.swift */; };
		CB1FDB732401D6D900705876 /* TalkView.swift in Sources */ = {isa = PBXBuildFile; fileRef = CB1FDB722401D6D900705876 /* TalkView.swift */; };
		CB1FDB772401E14600705876 /* TalkDetailView.swift in Sources */ = {isa = PBXBuildFile; fileRef = CB1FDB762401E14600705876 /* TalkDetailView.swift */; };
		CB1FDB7924051C0B00705876 /* SpeakerMapper.swift in Sources */ = {isa = PBXBuildFile; fileRef = CB1FDB7824051C0B00705876 /* SpeakerMapper.swift */; };
		CB1FDB7B24066EBF00705876 /* EventMapper.swift in Sources */ = {isa = PBXBuildFile; fileRef = CB1FDB7A24066EBF00705876 /* EventMapper.swift */; };
		CB29A21D240AB47600850A47 /* SpeakerView.swift in Sources */ = {isa = PBXBuildFile; fileRef = CB29A21C240AB47500850A47 /* SpeakerView.swift */; };
		CB88D20C2400365600BCBCA0 /* AppDelegate.swift in Sources */ = {isa = PBXBuildFile; fileRef = CB88D20B2400365600BCBCA0 /* AppDelegate.swift */; };
		CB88D20E2400365600BCBCA0 /* SceneDelegate.swift in Sources */ = {isa = PBXBuildFile; fileRef = CB88D20D2400365600BCBCA0 /* SceneDelegate.swift */; };
		CB88D2102400365600BCBCA0 /* ContentView.swift in Sources */ = {isa = PBXBuildFile; fileRef = CB88D20F2400365600BCBCA0 /* ContentView.swift */; };
		CB88D2122400365900BCBCA0 /* Assets.xcassets in Resources */ = {isa = PBXBuildFile; fileRef = CB88D2112400365900BCBCA0 /* Assets.xcassets */; };
		CB88D2152400365900BCBCA0 /* Preview Assets.xcassets in Resources */ = {isa = PBXBuildFile; fileRef = CB88D2142400365900BCBCA0 /* Preview Assets.xcassets */; };
		CB88D2182400365900BCBCA0 /* LaunchScreen.storyboard in Resources */ = {isa = PBXBuildFile; fileRef = CB88D2162400365900BCBCA0 /* LaunchScreen.storyboard */; };
		CB88D2232400365900BCBCA0 /* iosAppTests.swift in Sources */ = {isa = PBXBuildFile; fileRef = CB88D2222400365900BCBCA0 /* iosAppTests.swift */; };
		CB88D22E2400797400BCBCA0 /* EventsPublisher.swift in Sources */ = {isa = PBXBuildFile; fileRef = CB88D22D2400797300BCBCA0 /* EventsPublisher.swift */; };
		CB88D23124008A7500BCBCA0 /* Localizable.strings in Resources */ = {isa = PBXBuildFile; fileRef = CB88D23324008A7500BCBCA0 /* Localizable.strings */; };
		CB88D23724011B6D00BCBCA0 /* Ktor_utilsGMTDate+Extensions.swift in Sources */ = {isa = PBXBuildFile; fileRef = CB88D23624011B6C00BCBCA0 /* Ktor_utilsGMTDate+Extensions.swift */; };
		CB88D23924011DF000BCBCA0 /* Ktor_utilsGMTDateTests.swift in Sources */ = {isa = PBXBuildFile; fileRef = CB88D23824011DF000BCBCA0 /* Ktor_utilsGMTDateTests.swift */; };
		CBEFE10F2406AEF100E48567 /* SpeakerDetailsView.swift in Sources */ = {isa = PBXBuildFile; fileRef = CBEFE10E2406AEF000E48567 /* SpeakerDetailsView.swift */; };
		FF56E5C91959FEF38DF99622 /* Pods_iosAppTests.framework in Frameworks */ = {isa = PBXBuildFile; fileRef = C085905DA17CC1D39A67D105 /* Pods_iosAppTests.framework */; };
/* End PBXBuildFile section */

/* Begin PBXContainerItemProxy section */
		CB88D21F2400365900BCBCA0 /* PBXContainerItemProxy */ = {
			isa = PBXContainerItemProxy;
			containerPortal = CB88D2002400365600BCBCA0 /* Project object */;
			proxyType = 1;
			remoteGlobalIDString = CB88D2072400365600BCBCA0;
			remoteInfo = iosApp;
		};
/* End PBXContainerItemProxy section */

/* Begin PBXFileReference section */
		00AFE71391091A8649C8A56C /* Pods_iosApp.framework */ = {isa = PBXFileReference; explicitFileType = wrapper.framework; includeInIndex = 0; path = Pods_iosApp.framework; sourceTree = BUILT_PRODUCTS_DIR; };
		21B49096F12569EEB6A57553 /* Pods-iosAppTests.debug.xcconfig */ = {isa = PBXFileReference; includeInIndex = 1; lastKnownFileType = text.xcconfig; name = "Pods-iosAppTests.debug.xcconfig"; path = "Target Support Files/Pods-iosAppTests/Pods-iosAppTests.debug.xcconfig"; sourceTree = "<group>"; };
		57B26FBC07776A1080B04DCB /* Pods-iosApp.release.xcconfig */ = {isa = PBXFileReference; includeInIndex = 1; lastKnownFileType = text.xcconfig; name = "Pods-iosApp.release.xcconfig"; path = "Target Support Files/Pods-iosApp/Pods-iosApp.release.xcconfig"; sourceTree = "<group>"; };
		B09270225F263A2FF4917162 /* Main.kt */ = {isa = PBXFileReference; includeInIndex = 1; name = Main.kt; path = "../../common/dukecon-umb/src/commonMain/kotlin/Main.kt"; sourceTree = "<group>"; };
		BE8D7FDFA5162EAE8378A038 /* Pods-iosAppTests.release.xcconfig */ = {isa = PBXFileReference; includeInIndex = 1; lastKnownFileType = text.xcconfig; name = "Pods-iosAppTests.release.xcconfig"; path = "Target Support Files/Pods-iosAppTests/Pods-iosAppTests.release.xcconfig"; sourceTree = "<group>"; };
		C085905DA17CC1D39A67D105 /* Pods_iosAppTests.framework */ = {isa = PBXFileReference; explicitFileType = wrapper.framework; includeInIndex = 0; path = Pods_iosAppTests.framework; sourceTree = BUILT_PRODUCTS_DIR; };
		CB1DA1BD24067D05006532BB /* TalkSpeakerView.swift */ = {isa = PBXFileReference; lastKnownFileType = sourcecode.swift; path = TalkSpeakerView.swift; sourceTree = "<group>"; };
		CB1FDB702401A5AC00705876 /* Event+Extensions.swift */ = {isa = PBXFileReference; lastKnownFileType = sourcecode.swift; path = "Event+Extensions.swift"; sourceTree = "<group>"; };
		CB1FDB722401D6D900705876 /* TalkView.swift */ = {isa = PBXFileReference; lastKnownFileType = sourcecode.swift; path = TalkView.swift; sourceTree = "<group>"; };
		CB1FDB762401E14600705876 /* TalkDetailView.swift */ = {isa = PBXFileReference; lastKnownFileType = sourcecode.swift; path = TalkDetailView.swift; sourceTree = "<group>"; };
		CB1FDB7824051C0B00705876 /* SpeakerMapper.swift */ = {isa = PBXFileReference; lastKnownFileType = sourcecode.swift; path = SpeakerMapper.swift; sourceTree = "<group>"; };
		CB1FDB7A24066EBF00705876 /* EventMapper.swift */ = {isa = PBXFileReference; lastKnownFileType = sourcecode.swift; path = EventMapper.swift; sourceTree = "<group>"; };
		CB29A21C240AB47500850A47 /* SpeakerView.swift */ = {isa = PBXFileReference; lastKnownFileType = sourcecode.swift; path = SpeakerView.swift; sourceTree = "<group>"; };
		CB88D2082400365600BCBCA0 /* iosApp.app */ = {isa = PBXFileReference; explicitFileType = wrapper.application; includeInIndex = 0; path = iosApp.app; sourceTree = BUILT_PRODUCTS_DIR; };
		CB88D20B2400365600BCBCA0 /* AppDelegate.swift */ = {isa = PBXFileReference; lastKnownFileType = sourcecode.swift; path = AppDelegate.swift; sourceTree = "<group>"; };
		CB88D20D2400365600BCBCA0 /* SceneDelegate.swift */ = {isa = PBXFileReference; lastKnownFileType = sourcecode.swift; path = SceneDelegate.swift; sourceTree = "<group>"; };
		CB88D20F2400365600BCBCA0 /* ContentView.swift */ = {isa = PBXFileReference; lastKnownFileType = sourcecode.swift; path = ContentView.swift; sourceTree = "<group>"; };
		CB88D2112400365900BCBCA0 /* Assets.xcassets */ = {isa = PBXFileReference; lastKnownFileType = folder.assetcatalog; path = Assets.xcassets; sourceTree = "<group>"; };
		CB88D2142400365900BCBCA0 /* Preview Assets.xcassets */ = {isa = PBXFileReference; lastKnownFileType = folder.assetcatalog; path = "Preview Assets.xcassets"; sourceTree = "<group>"; };
		CB88D2172400365900BCBCA0 /* Base */ = {isa = PBXFileReference; lastKnownFileType = file.storyboard; name = Base; path = Base.lproj/LaunchScreen.storyboard; sourceTree = "<group>"; };
		CB88D2192400365900BCBCA0 /* Info.plist */ = {isa = PBXFileReference; lastKnownFileType = text.plist.xml; path = Info.plist; sourceTree = "<group>"; };
		CB88D21E2400365900BCBCA0 /* iosAppTests.xctest */ = {isa = PBXFileReference; explicitFileType = wrapper.cfbundle; includeInIndex = 0; path = iosAppTests.xctest; sourceTree = BUILT_PRODUCTS_DIR; };
		CB88D2222400365900BCBCA0 /* iosAppTests.swift */ = {isa = PBXFileReference; lastKnownFileType = sourcecode.swift; path = iosAppTests.swift; sourceTree = "<group>"; };
		CB88D2242400365900BCBCA0 /* Info.plist */ = {isa = PBXFileReference; lastKnownFileType = text.plist.xml; path = Info.plist; sourceTree = "<group>"; };
		CB88D22D2400797300BCBCA0 /* EventsPublisher.swift */ = {isa = PBXFileReference; lastKnownFileType = sourcecode.swift; path = EventsPublisher.swift; sourceTree = "<group>"; };
		CB88D23424008A8C00BCBCA0 /* de */ = {isa = PBXFileReference; lastKnownFileType = text.plist.strings; name = de; path = de.lproj/Localizable.strings; sourceTree = "<group>"; };
		CB88D23524008B6400BCBCA0 /* en */ = {isa = PBXFileReference; lastKnownFileType = text.plist.strings; name = en; path = en.lproj/Localizable.strings; sourceTree = "<group>"; };
		CB88D23624011B6C00BCBCA0 /* Ktor_utilsGMTDate+Extensions.swift */ = {isa = PBXFileReference; lastKnownFileType = sourcecode.swift; path = "Ktor_utilsGMTDate+Extensions.swift"; sourceTree = "<group>"; };
		CB88D23824011DF000BCBCA0 /* Ktor_utilsGMTDateTests.swift */ = {isa = PBXFileReference; lastKnownFileType = sourcecode.swift; path = Ktor_utilsGMTDateTests.swift; sourceTree = "<group>"; };
		CBEFE10E2406AEF000E48567 /* SpeakerDetailsView.swift */ = {isa = PBXFileReference; lastKnownFileType = sourcecode.swift; path = SpeakerDetailsView.swift; sourceTree = "<group>"; };
		D9B07BEA237C8DAFBAD72792 /* Pods-iosApp.debug.xcconfig */ = {isa = PBXFileReference; includeInIndex = 1; lastKnownFileType = text.xcconfig; name = "Pods-iosApp.debug.xcconfig"; path = "Target Support Files/Pods-iosApp/Pods-iosApp.debug.xcconfig"; sourceTree = "<group>"; };
/* End PBXFileReference section */

/* Begin PBXFrameworksBuildPhase section */
		CB88D2052400365600BCBCA0 /* Frameworks */ = {
			isa = PBXFrameworksBuildPhase;
			buildActionMask = 2147483647;
			files = (
				3683AA1C95D40DB1086B38E5 /* Pods_iosApp.framework in Frameworks */,
			);
			runOnlyForDeploymentPostprocessing = 0;
		};
		CB88D21B2400365900BCBCA0 /* Frameworks */ = {
			isa = PBXFrameworksBuildPhase;
			buildActionMask = 2147483647;
			files = (
				FF56E5C91959FEF38DF99622 /* Pods_iosAppTests.framework in Frameworks */,
			);
			runOnlyForDeploymentPostprocessing = 0;
		};
/* End PBXFrameworksBuildPhase section */

/* Begin PBXGroup section */
		08546826F5C61004F29E27CD /* main */ = {
			isa = PBXGroup;
			children = (
			);
			name = main;
			sourceTree = "<group>";
		};
		631E4172FEC379ECD5749462 /* commonMain */ = {
			isa = PBXGroup;
			children = (
				F124229A9336723528CB57DC /* kotlin */,
			);
			name = commonMain;
			sourceTree = "<group>";
		};
		70868F16C40B6EC8CA53EA84 /* Kotlin */ = {
			isa = PBXGroup;
			children = (
				631E4172FEC379ECD5749462 /* commonMain */,
				08546826F5C61004F29E27CD /* main */,
			);
			name = Kotlin;
			sourceTree = "<group>";
		};
		B3F28C0296A0491218F76974 /* Pods */ = {
			isa = PBXGroup;
			children = (
				D9B07BEA237C8DAFBAD72792 /* Pods-iosApp.debug.xcconfig */,
				57B26FBC07776A1080B04DCB /* Pods-iosApp.release.xcconfig */,
				21B49096F12569EEB6A57553 /* Pods-iosAppTests.debug.xcconfig */,
				BE8D7FDFA5162EAE8378A038 /* Pods-iosAppTests.release.xcconfig */,
			);
			path = Pods;
			sourceTree = "<group>";
		};
		C7E6AF2B1B9F7EA5712BEEB8 /* Frameworks */ = {
			isa = PBXGroup;
			children = (
				00AFE71391091A8649C8A56C /* Pods_iosApp.framework */,
				C085905DA17CC1D39A67D105 /* Pods_iosAppTests.framework */,
			);
			name = Frameworks;
			sourceTree = "<group>";
		};
		CB88D1FF2400365600BCBCA0 = {
			isa = PBXGroup;
			children = (
				CB88D20A2400365600BCBCA0 /* iosApp */,
				CB88D2212400365900BCBCA0 /* iosAppTests */,
				CB88D2092400365600BCBCA0 /* Products */,
				B3F28C0296A0491218F76974 /* Pods */,
				C7E6AF2B1B9F7EA5712BEEB8 /* Frameworks */,
				70868F16C40B6EC8CA53EA84 /* Kotlin */,
			);
			sourceTree = "<group>";
		};
		CB88D2092400365600BCBCA0 /* Products */ = {
			isa = PBXGroup;
			children = (
				CB88D2082400365600BCBCA0 /* iosApp.app */,
				CB88D21E2400365900BCBCA0 /* iosAppTests.xctest */,
			);
			name = Products;
			sourceTree = "<group>";
		};
		CB88D20A2400365600BCBCA0 /* iosApp */ = {
			isa = PBXGroup;
			children = (
				CB88D20B2400365600BCBCA0 /* AppDelegate.swift */,
				CB88D20D2400365600BCBCA0 /* SceneDelegate.swift */,
				CB88D20F2400365600BCBCA0 /* ContentView.swift */,
				CB29A21C240AB47500850A47 /* SpeakerView.swift */,
				CB1FDB7824051C0B00705876 /* SpeakerMapper.swift */,
				CB1FDB7A24066EBF00705876 /* EventMapper.swift */,
				CB1FDB722401D6D900705876 /* TalkView.swift */,
				CB1FDB762401E14600705876 /* TalkDetailView.swift */,
				CB1DA1BD24067D05006532BB /* TalkSpeakerView.swift */,
				CBEFE10E2406AEF000E48567 /* SpeakerDetailsView.swift */,
				CB88D22D2400797300BCBCA0 /* EventsPublisher.swift */,
				CB1FDB702401A5AC00705876 /* Event+Extensions.swift */,
				CB88D23624011B6C00BCBCA0 /* Ktor_utilsGMTDate+Extensions.swift */,
				CB88D23324008A7500BCBCA0 /* Localizable.strings */,
				CB88D2112400365900BCBCA0 /* Assets.xcassets */,
				CB88D2162400365900BCBCA0 /* LaunchScreen.storyboard */,
				CB88D2192400365900BCBCA0 /* Info.plist */,
				CB88D2132400365900BCBCA0 /* Preview Content */,
			);
			path = iosApp;
			sourceTree = "<group>";
		};
		CB88D2132400365900BCBCA0 /* Preview Content */ = {
			isa = PBXGroup;
			children = (
				CB88D2142400365900BCBCA0 /* Preview Assets.xcassets */,
			);
			path = "Preview Content";
			sourceTree = "<group>";
		};
		CB88D2212400365900BCBCA0 /* iosAppTests */ = {
			isa = PBXGroup;
			children = (
				CB88D2222400365900BCBCA0 /* iosAppTests.swift */,
				CB88D23824011DF000BCBCA0 /* Ktor_utilsGMTDateTests.swift */,
				CB88D2242400365900BCBCA0 /* Info.plist */,
			);
			path = iosAppTests;
			sourceTree = "<group>";
		};
		F124229A9336723528CB57DC /* kotlin */ = {
			isa = PBXGroup;
			children = (
				B09270225F263A2FF4917162 /* Main.kt */,
			);
			name = kotlin;
			sourceTree = "<group>";
		};
/* End PBXGroup section */

/* Begin PBXNativeTarget section */
		CB88D2072400365600BCBCA0 /* iosApp */ = {
			isa = PBXNativeTarget;
			buildConfigurationList = CB88D2272400365900BCBCA0 /* Build configuration list for PBXNativeTarget "iosApp" */;
			buildPhases = (
				1D28D4295A4D82EDF69804D8 /* [CP] Check Pods Manifest.lock */,
				CB88D2042400365600BCBCA0 /* Sources */,
				CB88D2052400365600BCBCA0 /* Frameworks */,
				CB88D2062400365600BCBCA0 /* Resources */,
			);
			buildRules = (
			);
			dependencies = (
			);
			name = iosApp;
			productName = iosApp;
			productReference = CB88D2082400365600BCBCA0 /* iosApp.app */;
			productType = "com.apple.product-type.application";
		};
		CB88D21D2400365900BCBCA0 /* iosAppTests */ = {
			isa = PBXNativeTarget;
			buildConfigurationList = CB88D22A2400365900BCBCA0 /* Build configuration list for PBXNativeTarget "iosAppTests" */;
			buildPhases = (
				C86DFBF2334D041C25A9F1E0 /* [CP] Check Pods Manifest.lock */,
				CB88D21A2400365900BCBCA0 /* Sources */,
				CB88D21B2400365900BCBCA0 /* Frameworks */,
				CB88D21C2400365900BCBCA0 /* Resources */,
			);
			buildRules = (
			);
			dependencies = (
				CB88D2202400365900BCBCA0 /* PBXTargetDependency */,
			);
			name = iosAppTests;
			productName = iosAppTests;
			productReference = CB88D21E2400365900BCBCA0 /* iosAppTests.xctest */;
			productType = "com.apple.product-type.bundle.unit-test";
		};
/* End PBXNativeTarget section */

/* Begin PBXProject section */
		CB88D2002400365600BCBCA0 /* Project object */ = {
			isa = PBXProject;
			attributes = {
				LastSwiftUpdateCheck = 1130;
				LastUpgradeCheck = 1130;
				ORGANIZATIONNAME = "Alexander von Below";
				TargetAttributes = {
					CB88D2072400365600BCBCA0 = {
						CreatedOnToolsVersion = 11.3.1;
					};
					CB88D21D2400365900BCBCA0 = {
						CreatedOnToolsVersion = 11.3.1;
						TestTargetID = CB88D2072400365600BCBCA0;
					};
				};
			};
			buildConfigurationList = CB88D2032400365600BCBCA0 /* Build configuration list for PBXProject "iosApp" */;
			compatibilityVersion = "Xcode 9.3";
			developmentRegion = en;
			hasScannedForEncodings = 0;
			knownRegions = (
				en,
				Base,
				de,
			);
			mainGroup = CB88D1FF2400365600BCBCA0;
			productRefGroup = CB88D2092400365600BCBCA0 /* Products */;
			projectDirPath = "";
			projectRoot = "";
			targets = (
				CB88D2072400365600BCBCA0 /* iosApp */,
				CB88D21D2400365900BCBCA0 /* iosAppTests */,
			);
		};
/* End PBXProject section */

/* Begin PBXResourcesBuildPhase section */
		CB88D2062400365600BCBCA0 /* Resources */ = {
			isa = PBXResourcesBuildPhase;
			buildActionMask = 2147483647;
			files = (
				CB88D2182400365900BCBCA0 /* LaunchScreen.storyboard in Resources */,
				CB88D23124008A7500BCBCA0 /* Localizable.strings in Resources */,
				CB88D2152400365900BCBCA0 /* Preview Assets.xcassets in Resources */,
				CB88D2122400365900BCBCA0 /* Assets.xcassets in Resources */,
			);
			runOnlyForDeploymentPostprocessing = 0;
		};
		CB88D21C2400365900BCBCA0 /* Resources */ = {
			isa = PBXResourcesBuildPhase;
			buildActionMask = 2147483647;
			files = (
			);
			runOnlyForDeploymentPostprocessing = 0;
		};
/* End PBXResourcesBuildPhase section */

/* Begin PBXShellScriptBuildPhase section */
		1D28D4295A4D82EDF69804D8 /* [CP] Check Pods Manifest.lock */ = {
			isa = PBXShellScriptBuildPhase;
			buildActionMask = 2147483647;
			files = (
			);
			inputFileListPaths = (
			);
			inputPaths = (
				"${PODS_PODFILE_DIR_PATH}/Podfile.lock",
				"${PODS_ROOT}/Manifest.lock",
			);
			name = "[CP] Check Pods Manifest.lock";
			outputFileListPaths = (
			);
			outputPaths = (
				"$(DERIVED_FILE_DIR)/Pods-iosApp-checkManifestLockResult.txt",
			);
			runOnlyForDeploymentPostprocessing = 0;
			shellPath = /bin/sh;
			shellScript = "diff \"${PODS_PODFILE_DIR_PATH}/Podfile.lock\" \"${PODS_ROOT}/Manifest.lock\" > /dev/null\nif [ $? != 0 ] ; then\n    # print error to STDERR\n    echo \"error: The sandbox is not in sync with the Podfile.lock. Run 'pod install' or update your CocoaPods installation.\" >&2\n    exit 1\nfi\n# This output is used by Xcode 'outputs' to avoid re-running this script phase.\necho \"SUCCESS\" > \"${SCRIPT_OUTPUT_FILE_0}\"\n";
			showEnvVarsInLog = 0;
		};
		C86DFBF2334D041C25A9F1E0 /* [CP] Check Pods Manifest.lock */ = {
			isa = PBXShellScriptBuildPhase;
			buildActionMask = 2147483647;
			files = (
			);
			inputFileListPaths = (
			);
			inputPaths = (
				"${PODS_PODFILE_DIR_PATH}/Podfile.lock",
				"${PODS_ROOT}/Manifest.lock",
			);
			name = "[CP] Check Pods Manifest.lock";
			outputFileListPaths = (
			);
			outputPaths = (
				"$(DERIVED_FILE_DIR)/Pods-iosAppTests-checkManifestLockResult.txt",
			);
			runOnlyForDeploymentPostprocessing = 0;
			shellPath = /bin/sh;
			shellScript = "diff \"${PODS_PODFILE_DIR_PATH}/Podfile.lock\" \"${PODS_ROOT}/Manifest.lock\" > /dev/null\nif [ $? != 0 ] ; then\n    # print error to STDERR\n    echo \"error: The sandbox is not in sync with the Podfile.lock. Run 'pod install' or update your CocoaPods installation.\" >&2\n    exit 1\nfi\n# This output is used by Xcode 'outputs' to avoid re-running this script phase.\necho \"SUCCESS\" > \"${SCRIPT_OUTPUT_FILE_0}\"\n";
			showEnvVarsInLog = 0;
		};
/* End PBXShellScriptBuildPhase section */

/* Begin PBXSourcesBuildPhase section */
		CB88D2042400365600BCBCA0 /* Sources */ = {
			isa = PBXSourcesBuildPhase;
			buildActionMask = 2147483647;
			files = (
				CB1DA1BE24067D05006532BB /* TalkSpeakerView.swift in Sources */,
				CB1FDB732401D6D900705876 /* TalkView.swift in Sources */,
				CB1FDB712401A5AC00705876 /* Event+Extensions.swift in Sources */,
				CB88D20C2400365600BCBCA0 /* AppDelegate.swift in Sources */,
				CB1FDB772401E14600705876 /* TalkDetailView.swift in Sources */,
				CB88D20E2400365600BCBCA0 /* SceneDelegate.swift in Sources */,
				CB29A21D240AB47600850A47 /* SpeakerView.swift in Sources */,
				CB88D23724011B6D00BCBCA0 /* Ktor_utilsGMTDate+Extensions.swift in Sources */,
				CB88D2102400365600BCBCA0 /* ContentView.swift in Sources */,
				CB88D22E2400797400BCBCA0 /* EventsPublisher.swift in Sources */,
				CB1FDB7924051C0B00705876 /* SpeakerMapper.swift in Sources */,
				CB1FDB7B24066EBF00705876 /* EventMapper.swift in Sources */,
				CBEFE10F2406AEF100E48567 /* SpeakerDetailsView.swift in Sources */,
			);
			runOnlyForDeploymentPostprocessing = 0;
		};
		CB88D21A2400365900BCBCA0 /* Sources */ = {
			isa = PBXSourcesBuildPhase;
			buildActionMask = 2147483647;
			files = (
				CB88D23924011DF000BCBCA0 /* Ktor_utilsGMTDateTests.swift in Sources */,
				CB88D2232400365900BCBCA0 /* iosAppTests.swift in Sources */,
			);
			runOnlyForDeploymentPostprocessing = 0;
		};
/* End PBXSourcesBuildPhase section */

/* Begin PBXTargetDependency section */
		CB88D2202400365900BCBCA0 /* PBXTargetDependency */ = {
			isa = PBXTargetDependency;
			target = CB88D2072400365600BCBCA0 /* iosApp */;
			targetProxy = CB88D21F2400365900BCBCA0 /* PBXContainerItemProxy */;
		};
/* End PBXTargetDependency section */

/* Begin PBXVariantGroup section */
		CB88D2162400365900BCBCA0 /* LaunchScreen.storyboard */ = {
			isa = PBXVariantGroup;
			children = (
				CB88D2172400365900BCBCA0 /* Base */,
			);
			name = LaunchScreen.storyboard;
			sourceTree = "<group>";
		};
		CB88D23324008A7500BCBCA0 /* Localizable.strings */ = {
			isa = PBXVariantGroup;
			children = (
				CB88D23424008A8C00BCBCA0 /* de */,
				CB88D23524008B6400BCBCA0 /* en */,
			);
			name = Localizable.strings;
			sourceTree = "<group>";
		};
/* End PBXVariantGroup section */

/* Begin XCBuildConfiguration section */
		CB88D2252400365900BCBCA0 /* Debug */ = {
			isa = XCBuildConfiguration;
			buildSettings = {
				ALWAYS_SEARCH_USER_PATHS = NO;
				CLANG_ANALYZER_LOCALIZABILITY_NONLOCALIZED = YES;
				CLANG_ANALYZER_NONNULL = YES;
				CLANG_ANALYZER_NUMBER_OBJECT_CONVERSION = YES_AGGRESSIVE;
				CLANG_CXX_LANGUAGE_STANDARD = "gnu++14";
				CLANG_CXX_LIBRARY = "libc++";
				CLANG_ENABLE_MODULES = YES;
				CLANG_ENABLE_OBJC_ARC = YES;
				CLANG_ENABLE_OBJC_WEAK = YES;
				CLANG_WARN_BLOCK_CAPTURE_AUTORELEASING = YES;
				CLANG_WARN_BOOL_CONVERSION = YES;
				CLANG_WARN_COMMA = YES;
				CLANG_WARN_CONSTANT_CONVERSION = YES;
				CLANG_WARN_DEPRECATED_OBJC_IMPLEMENTATIONS = YES;
				CLANG_WARN_DIRECT_OBJC_ISA_USAGE = YES_ERROR;
				CLANG_WARN_DOCUMENTATION_COMMENTS = YES;
				CLANG_WARN_EMPTY_BODY = YES;
				CLANG_WARN_ENUM_CONVERSION = YES;
				CLANG_WARN_INFINITE_RECURSION = YES;
				CLANG_WARN_INT_CONVERSION = YES;
				CLANG_WARN_NON_LITERAL_NULL_CONVERSION = YES;
				CLANG_WARN_OBJC_IMPLICIT_RETAIN_SELF = YES;
				CLANG_WARN_OBJC_LITERAL_CONVERSION = YES;
				CLANG_WARN_OBJC_ROOT_CLASS = YES_ERROR;
				CLANG_WARN_RANGE_LOOP_ANALYSIS = YES;
				CLANG_WARN_STRICT_PROTOTYPES = YES;
				CLANG_WARN_SUSPICIOUS_MOVE = YES;
				CLANG_WARN_UNGUARDED_AVAILABILITY = YES_AGGRESSIVE;
				CLANG_WARN_UNREACHABLE_CODE = YES;
				CLANG_WARN__DUPLICATE_METHOD_MATCH = YES;
				COPY_PHASE_STRIP = NO;
				DEBUG_INFORMATION_FORMAT = dwarf;
				ENABLE_STRICT_OBJC_MSGSEND = YES;
				ENABLE_TESTABILITY = YES;
				GCC_C_LANGUAGE_STANDARD = gnu11;
				GCC_DYNAMIC_NO_PIC = NO;
				GCC_NO_COMMON_BLOCKS = YES;
				GCC_OPTIMIZATION_LEVEL = 0;
				GCC_PREPROCESSOR_DEFINITIONS = (
					"DEBUG=1",
					"$(inherited)",
				);
				GCC_WARN_64_TO_32_BIT_CONVERSION = YES;
				GCC_WARN_ABOUT_RETURN_TYPE = YES_ERROR;
				GCC_WARN_UNDECLARED_SELECTOR = YES;
				GCC_WARN_UNINITIALIZED_AUTOS = YES_AGGRESSIVE;
				GCC_WARN_UNUSED_FUNCTION = YES;
				GCC_WARN_UNUSED_VARIABLE = YES;
				IPHONEOS_DEPLOYMENT_TARGET = 13.2;
				MTL_ENABLE_DEBUG_INFO = INCLUDE_SOURCE;
				MTL_FAST_MATH = YES;
				ONLY_ACTIVE_ARCH = YES;
				SDKROOT = iphoneos;
				SWIFT_ACTIVE_COMPILATION_CONDITIONS = DEBUG;
				SWIFT_OPTIMIZATION_LEVEL = "-Onone";
			};
			name = Debug;
		};
		CB88D2262400365900BCBCA0 /* Release */ = {
			isa = XCBuildConfiguration;
			buildSettings = {
				ALWAYS_SEARCH_USER_PATHS = NO;
				CLANG_ANALYZER_LOCALIZABILITY_NONLOCALIZED = YES;
				CLANG_ANALYZER_NONNULL = YES;
				CLANG_ANALYZER_NUMBER_OBJECT_CONVERSION = YES_AGGRESSIVE;
				CLANG_CXX_LANGUAGE_STANDARD = "gnu++14";
				CLANG_CXX_LIBRARY = "libc++";
				CLANG_ENABLE_MODULES = YES;
				CLANG_ENABLE_OBJC_ARC = YES;
				CLANG_ENABLE_OBJC_WEAK = YES;
				CLANG_WARN_BLOCK_CAPTURE_AUTORELEASING = YES;
				CLANG_WARN_BOOL_CONVERSION = YES;
				CLANG_WARN_COMMA = YES;
				CLANG_WARN_CONSTANT_CONVERSION = YES;
				CLANG_WARN_DEPRECATED_OBJC_IMPLEMENTATIONS = YES;
				CLANG_WARN_DIRECT_OBJC_ISA_USAGE = YES_ERROR;
				CLANG_WARN_DOCUMENTATION_COMMENTS = YES;
				CLANG_WARN_EMPTY_BODY = YES;
				CLANG_WARN_ENUM_CONVERSION = YES;
				CLANG_WARN_INFINITE_RECURSION = YES;
				CLANG_WARN_INT_CONVERSION = YES;
				CLANG_WARN_NON_LITERAL_NULL_CONVERSION = YES;
				CLANG_WARN_OBJC_IMPLICIT_RETAIN_SELF = YES;
				CLANG_WARN_OBJC_LITERAL_CONVERSION = YES;
				CLANG_WARN_OBJC_ROOT_CLASS = YES_ERROR;
				CLANG_WARN_RANGE_LOOP_ANALYSIS = YES;
				CLANG_WARN_STRICT_PROTOTYPES = YES;
				CLANG_WARN_SUSPICIOUS_MOVE = YES;
				CLANG_WARN_UNGUARDED_AVAILABILITY = YES_AGGRESSIVE;
				CLANG_WARN_UNREACHABLE_CODE = YES;
				CLANG_WARN__DUPLICATE_METHOD_MATCH = YES;
				COPY_PHASE_STRIP = NO;
				DEBUG_INFORMATION_FORMAT = "dwarf-with-dsym";
				ENABLE_NS_ASSERTIONS = NO;
				ENABLE_STRICT_OBJC_MSGSEND = YES;
				GCC_C_LANGUAGE_STANDARD = gnu11;
				GCC_NO_COMMON_BLOCKS = YES;
				GCC_WARN_64_TO_32_BIT_CONVERSION = YES;
				GCC_WARN_ABOUT_RETURN_TYPE = YES_ERROR;
				GCC_WARN_UNDECLARED_SELECTOR = YES;
				GCC_WARN_UNINITIALIZED_AUTOS = YES_AGGRESSIVE;
				GCC_WARN_UNUSED_FUNCTION = YES;
				GCC_WARN_UNUSED_VARIABLE = YES;
				IPHONEOS_DEPLOYMENT_TARGET = 13.2;
				MTL_ENABLE_DEBUG_INFO = NO;
				MTL_FAST_MATH = YES;
				SDKROOT = iphoneos;
				SWIFT_COMPILATION_MODE = wholemodule;
				SWIFT_OPTIMIZATION_LEVEL = "-O";
				VALIDATE_PRODUCT = YES;
			};
			name = Release;
		};
		CB88D2282400365900BCBCA0 /* Debug */ = {
			isa = XCBuildConfiguration;
			baseConfigurationReference = D9B07BEA237C8DAFBAD72792 /* Pods-iosApp.debug.xcconfig */;
			buildSettings = {
				ASSETCATALOG_COMPILER_APPICON_NAME = AppIcon;
				CODE_SIGN_STYLE = Automatic;
				DEVELOPMENT_ASSET_PATHS = "\"iosApp/Preview Content\"";
				DEVELOPMENT_TEAM = M3DTZN9V9B;
				ENABLE_PREVIEWS = YES;
				INFOPLIST_FILE = iosApp/Info.plist;
				LD_RUNPATH_SEARCH_PATHS = (
					"$(inherited)",
					"@executable_path/Frameworks",
				);
				PRODUCT_BUNDLE_IDENTIFIER = com.vonbelow.iosApp;
				PRODUCT_NAME = "$(TARGET_NAME)";
				SWIFT_VERSION = 5.0;
				TARGETED_DEVICE_FAMILY = "1,2";
			};
			name = Debug;
		};
		CB88D2292400365900BCBCA0 /* Release */ = {
			isa = XCBuildConfiguration;
			baseConfigurationReference = 57B26FBC07776A1080B04DCB /* Pods-iosApp.release.xcconfig */;
			buildSettings = {
				ASSETCATALOG_COMPILER_APPICON_NAME = AppIcon;
				CODE_SIGN_STYLE = Automatic;
				DEVELOPMENT_ASSET_PATHS = "\"iosApp/Preview Content\"";
				DEVELOPMENT_TEAM = M3DTZN9V9B;
				ENABLE_PREVIEWS = YES;
				INFOPLIST_FILE = iosApp/Info.plist;
				LD_RUNPATH_SEARCH_PATHS = (
					"$(inherited)",
					"@executable_path/Frameworks",
				);
				PRODUCT_BUNDLE_IDENTIFIER = com.vonbelow.iosApp;
				PRODUCT_NAME = "$(TARGET_NAME)";
				SWIFT_VERSION = 5.0;
				TARGETED_DEVICE_FAMILY = "1,2";
			};
			name = Release;
		};
		CB88D22B2400365900BCBCA0 /* Debug */ = {
			isa = XCBuildConfiguration;
			baseConfigurationReference = 21B49096F12569EEB6A57553 /* Pods-iosAppTests.debug.xcconfig */;
			buildSettings = {
				ALWAYS_EMBED_SWIFT_STANDARD_LIBRARIES = YES;
				BUNDLE_LOADER = "$(TEST_HOST)";
				CODE_SIGN_STYLE = Automatic;
				DEVELOPMENT_TEAM = M3DTZN9V9B;
				INFOPLIST_FILE = iosAppTests/Info.plist;
				IPHONEOS_DEPLOYMENT_TARGET = 13.2;
				LD_RUNPATH_SEARCH_PATHS = (
					"$(inherited)",
					"@executable_path/Frameworks",
					"@loader_path/Frameworks",
				);
				PRODUCT_BUNDLE_IDENTIFIER = com.vonbelow.iosAppTests;
				PRODUCT_NAME = "$(TARGET_NAME)";
				SWIFT_VERSION = 5.0;
				TARGETED_DEVICE_FAMILY = "1,2";
				TEST_HOST = "$(BUILT_PRODUCTS_DIR)/iosApp.app/iosApp";
			};
			name = Debug;
		};
		CB88D22C2400365900BCBCA0 /* Release */ = {
			isa = XCBuildConfiguration;
			baseConfigurationReference = BE8D7FDFA5162EAE8378A038 /* Pods-iosAppTests.release.xcconfig */;
			buildSettings = {
				ALWAYS_EMBED_SWIFT_STANDARD_LIBRARIES = YES;
				BUNDLE_LOADER = "$(TEST_HOST)";
				CODE_SIGN_STYLE = Automatic;
				DEVELOPMENT_TEAM = M3DTZN9V9B;
				INFOPLIST_FILE = iosAppTests/Info.plist;
				IPHONEOS_DEPLOYMENT_TARGET = 13.2;
				LD_RUNPATH_SEARCH_PATHS = (
					"$(inherited)",
					"@executable_path/Frameworks",
					"@loader_path/Frameworks",
				);
				PRODUCT_BUNDLE_IDENTIFIER = com.vonbelow.iosAppTests;
				PRODUCT_NAME = "$(TARGET_NAME)";
				SWIFT_VERSION = 5.0;
				TARGETED_DEVICE_FAMILY = "1,2";
				TEST_HOST = "$(BUILT_PRODUCTS_DIR)/iosApp.app/iosApp";
			};
			name = Release;
		};
/* End XCBuildConfiguration section */

/* Begin XCConfigurationList section */
		CB88D2032400365600BCBCA0 /* Build configuration list for PBXProject "iosApp" */ = {
			isa = XCConfigurationList;
			buildConfigurations = (
				CB88D2252400365900BCBCA0 /* Debug */,
				CB88D2262400365900BCBCA0 /* Release */,
			);
			defaultConfigurationIsVisible = 0;
			defaultConfigurationName = Release;
		};
		CB88D2272400365900BCBCA0 /* Build configuration list for PBXNativeTarget "iosApp" */ = {
			isa = XCConfigurationList;
			buildConfigurations = (
				CB88D2282400365900BCBCA0 /* Debug */,
				CB88D2292400365900BCBCA0 /* Release */,
			);
			defaultConfigurationIsVisible = 0;
			defaultConfigurationName = Release;
		};
		CB88D22A2400365900BCBCA0 /* Build configuration list for PBXNativeTarget "iosAppTests" */ = {
			isa = XCConfigurationList;
			buildConfigurations = (
				CB88D22B2400365900BCBCA0 /* Debug */,
				CB88D22C2400365900BCBCA0 /* Release */,
			);
			defaultConfigurationIsVisible = 0;
			defaultConfigurationName = Release;
		};
/* End XCConfigurationList section */
	};
	rootObject = CB88D2002400365600BCBCA0 /* Project object */;
}
